# THIS IS AN AUTOGENERATED FILE. DO NOT EDIT THIS FILE DIRECTLY.
# yarn lockfile v1


"@babel/code-frame@^7.0.0", "@babel/code-frame@^7.29.7":
  version "7.29.7"
  dependencies:
    "@babel/helper-validator-identifier" "^7.29.7"
    js-tokens "^4.0.0"
    picocolors "^1.1.1"

"@babel/generator@^7.29.7":
  version "7.29.7"
  dependencies:
    "@babel/parser" "^7.29.7"
    "@babel/types" "^7.29.7"
    "@jridgewell/gen-mapping" "^0.3.12"
    "@jridgewell/trace-mapping" "^0.3.28"
    jsesc "^3.0.2"

"@babel/helper-globals@^7.29.7":
  version "7.29.7"

"@babel/helper-string-parser@^7.29.7":
  version "7.29.7"

"@babel/helper-validator-identifier@^7.29.7":
  version "7.29.7"

"@babel/parser@^7.23.0", "@babel/parser@^7.29.3", "@babel/parser@^7.29.7":
  version "7.29.7"
  dependencies:
    "@babel/types" "^7.29.7"

"@babel/template@^7.29.7":
  version "7.29.7"
  dependencies:
    "@babel/code-frame" "^7.29.7"
    "@babel/parser" "^7.29.7"
    "@babel/types" "^7.29.7"

"@babel/traverse@^7.23.2":
  version "7.29.7"
  dependencies:
    "@babel/code-frame" "^7.29.7"
    "@babel/generator" "^7.29.7"
    "@babel/helper-globals" "^7.29.7"
    "@babel/parser" "^7.29.7"
    "@babel/template" "^7.29.7"
    "@babel/types" "^7.29.7"
    debug "^4.3.1"

"@babel/types@^7.29.0", "@babel/types@^7.29.7":
  version "7.29.7"
  dependencies:
    "@babel/helper-string-parser" "^7.29.7"
    "@babel/helper-validator-identifier" "^7.29.7"

"@bcoe/v8-coverage@^1.0.2":
  version "1.0.2"

"@cspotcode/source-map-support@^0.8.0":
  version "0.8.1"
  dependencies:
    "@jridgewell/trace-mapping" "0.3.9"

"@esbuild/darwin-arm64@0.28.1":
  version "0.28.1"

"@gerrit0/mini-shiki@^3.23.0":
  version "3.23.0"
  dependencies:
    "@shikijs/engine-oniguruma" "^3.23.0"
    "@shikijs/langs" "^3.23.0"
    "@shikijs/themes" "^3.23.0"
    "@shikijs/types" "^3.23.0"
    "@shikijs/vscode-textmate" "^10.0.2"

"@jridgewell/gen-mapping@^0.3.12":
  version "0.3.13"
  dependencies:
    "@jridgewell/sourcemap-codec" "^1.5.0"
    "@jridgewell/trace-mapping" "^0.3.24"

"@jridgewell/resolve-uri@^3.0.3", "@jridgewell/resolve-uri@^3.1.0":
  version "3.1.2"

"@jridgewell/sourcemap-codec@^1.4.10", "@jridgewell/sourcemap-codec@^1.4.14", "@jridgewell/sourcemap-codec@^1.5.0", "@jridgewell/sourcemap-codec@^1.5.5":
  version "1.5.5"

"@jridgewell/trace-mapping@^0.3.24", "@jridgewell/trace-mapping@^0.3.28", "@jridgewell/trace-mapping@^0.3.31":
  version "0.3.31"
  dependencies:
    "@jridgewell/resolve-uri" "^3.1.0"
    "@jridgewell/sourcemap-codec" "^1.4.14"

"@jridgewell/trace-mapping@0.3.9":
  version "0.3.9"
  dependencies:
    "@jridgewell/resolve-uri" "^3.0.3"
    "@jridgewell/sourcemap-codec" "^1.4.10"

"@nodelib/fs.scandir@2.1.5":
  version "2.1.5"
  dependencies:
    "@nodelib/fs.stat" "2.0.5"
    run-parallel "^1.1.9"

"@nodelib/fs.stat@^2.0.2", "@nodelib/fs.stat@2.0.5":
  version "2.0.5"

"@nodelib/fs.walk@^1.2.3":
  version "1.2.8"
  dependencies:
    "@nodelib/fs.scandir" "2.1.5"
    fastq "^1.6.0"

"@oxc-project/types@=0.138.0":
  version "0.138.0"

"@oxlint/binding-darwin-arm64@1.72.0":
  version "1.72.0"

"@rolldown/binding-darwin-arm64@1.1.4":
  version "1.1.4"

"@rolldown/pluginutils@^1.0.0":
  version "1.0.1"

"@rollup/rollup-darwin-arm64@4.62.2":
  version "4.62.2"

"@shikijs/engine-oniguruma@^3.23.0":
  version "3.23.0"
  dependencies:
    "@shikijs/types" "3.23.0"
    "@shikijs/vscode-textmate" "^10.0.2"

"@shikijs/langs@^3.23.0":
  version "3.23.0"
  dependencies:
    "@shikijs/types" "3.23.0"

"@shikijs/themes@^3.23.0":
  version "3.23.0"
  dependencies:
    "@shikijs/types" "3.23.0"

"@shikijs/types@^3.23.0", "@shikijs/types@3.23.0":
  version "3.23.0"
  dependencies:
    "@shikijs/vscode-textmate" "^10.0.2"
    "@types/hast" "^3.0.4"

"@shikijs/vscode-textmate@^10.0.2":
  version "10.0.2"

"@sindresorhus/merge-streams@^4.0.0":
  version "4.0.0"

"@standard-schema/spec@^1.1.0":
  version "1.1.0"

"@tsconfig/node10@^1.0.7":
  version "1.0.12"

"@tsconfig/node12@^1.0.7":
  version "1.0.11"

"@tsconfig/node14@^1.0.0":
  version "1.0.3"

"@tsconfig/node16@^1.0.2":
  version "1.0.4"

"@types/chai@^5.2.2":
  version "5.2.3"
  dependencies:
    "@types/deep-eql" "*"
    assertion-error "^2.0.1"

"@types/deep-eql@*":
  version "4.0.2"

"@types/emscripten@^1.39.6":
  version "1.41.5"

"@types/estree@^1.0.0", "@types/estree@1.0.9":
  version "1.0.9"

"@types/hast@^3.0.4":
  version "3.0.4"
  dependencies:
    "@types/unist" "*"

"@types/minimatch@^3.0.3":
  version "3.0.5"

"@types/minimist@^1.2.5":
  version "1.2.5"

"@types/node@*", "@types/node@^20.0.0 || ^22.0.0 || >=24.0.0", "@types/node@^20.19.0 || >=22.12.0", "@types/node@^24.0.0":
  version "24.13.2"
  dependencies:
    undici-types "~7.18.0"

"@types/parse-json@^4.0.0":
  version "4.0.2"

"@types/semver@^7.7.1":
  version "7.7.1"

"@types/unist@*":
  version "3.0.3"

"@vitest/coverage-v8@^4.0.0", "@vitest/coverage-v8@4.1.9":
  version "4.1.9"
  dependencies:
    "@bcoe/v8-coverage" "^1.0.2"
    "@vitest/utils" "4.1.9"
    ast-v8-to-istanbul "^1.0.0"
    istanbul-lib-coverage "^3.2.2"
    istanbul-lib-report "^3.0.1"
    istanbul-reports "^3.2.0"
    magicast "^0.5.2"
    obug "^2.1.1"
    std-env "^4.0.0-rc.1"
    tinyrainbow "^3.1.0"

"@vitest/expect@4.1.9":
  version "4.1.9"
  dependencies:
    "@standard-schema/spec" "^1.1.0"
    "@types/chai" "^5.2.2"
    "@vitest/spy" "4.1.9"
    "@vitest/utils" "4.1.9"
    chai "^6.2.2"
    tinyrainbow "^3.1.0"

"@vitest/mocker@4.1.9":
  version "4.1.9"
  dependencies:
    "@vitest/spy" "4.1.9"
    estree-walker "^3.0.3"
    magic-string "^0.30.21"

"@vitest/pretty-format@4.1.9":
  version "4.1.9"
  dependencies:
    tinyrainbow "^3.1.0"

"@vitest/runner@4.1.9":
  version "4.1.9"
  dependencies:
    "@vitest/utils" "4.1.9"
    pathe "^2.0.3"

"@vitest/snapshot@4.1.9":
  version "4.1.9"
  dependencies:
    "@vitest/pretty-format" "4.1.9"
    "@vitest/utils" "4.1.9"
    magic-string "^0.30.21"
    pathe "^2.0.3"

"@vitest/spy@4.1.9":
  version "4.1.9"

"@vitest/utils@4.1.9":
  version "4.1.9"
  dependencies:
    "@vitest/pretty-format" "4.1.9"
    convert-source-map "^2.0.0"
    tinyrainbow "^3.1.0"

"@vue/compiler-core@3.5.38":
  version "3.5.38"
  dependencies:
    "@babel/parser" "^7.29.7"
    "@vue/shared" "3.5.38"
    entities "^7.0.1"
    estree-walker "^2.0.2"
    source-map-js "^1.2.1"

"@vue/compiler-dom@3.5.38":
  version "3.5.38"
  dependencies:
    "@vue/compiler-core" "3.5.38"
    "@vue/shared" "3.5.38"

"@vue/compiler-sfc@^3.3.4":
  version "3.5.38"
  dependencies:
    "@babel/parser" "^7.29.7"
    "@vue/compiler-core" "3.5.38"
    "@vue/compiler-dom" "3.5.38"
    "@vue/compiler-ssr" "3.5.38"
    "@vue/shared" "3.5.38"
    estree-walker "^2.0.2"
    magic-string "^0.30.21"
    postcss "^8.5.15"
    source-map-js "^1.2.1"

"@vue/compiler-ssr@3.5.38":
  version "3.5.38"
  dependencies:
    "@vue/compiler-dom" "3.5.38"
    "@vue/shared" "3.5.38"

"@vue/shared@3.5.38":
  version "3.5.38"

"@yarnpkg/fslib@^3.1.3":
  version "3.1.5"
  dependencies:
    tslib "^2.4.0"

"@yarnpkg/libzip@^3.2.2":
  version "3.2.2"
  dependencies:
    "@types/emscripten" "^1.39.6"
    "@yarnpkg/fslib" "^3.1.3"
    tslib "^2.4.0"

acorn-walk@^8.1.1:
  version "8.3.5"
  dependencies:
    acorn "^8.11.0"

acorn@^8.11.0, acorn@^8.4.1:
  version "8.17.0"

ansi-regex@^5.0.1:
  version "5.0.1"

ansi-regex@^6.2.2:
  version "6.2.2"

ansi-styles@^4.0.0:
  version "4.3.0"
  dependencies:
    color-convert "^2.0.1"

ansi-styles@^6.2.1:
  version "6.2.3"

arg@^4.1.0:
  version "4.1.3"

argparse@^1.0.7:
  version "1.0.10"
  dependencies:
    sprintf-js "~1.0.2"

argparse@^2.0.1:
  version "2.0.1"

array-differ@^3.0.0:
  version "3.0.0"

array-union@^2.1.0:
  version "2.1.0"

arrify@^2.0.1:
  version "2.0.1"

assertion-error@^2.0.1:
  version "2.0.1"

ast-v8-to-istanbul@^1.0.0:
  version "1.0.4"
  dependencies:
    "@jridgewell/trace-mapping" "^0.3.31"
    estree-walker "^3.0.3"
    js-tokens "^10.0.0"

balanced-match@^1.0.0:
  version "1.0.2"

balanced-match@^4.0.2:
  version "4.0.4"

brace-expansion@^1.1.7:
  version "1.1.15"
  dependencies:
    balanced-match "^1.0.0"
    concat-map "0.0.1"

brace-expansion@^2.0.2:
  version "2.1.1"
  dependencies:
    balanced-match "^1.0.0"

brace-expansion@^5.0.5:
  version "5.0.6"
  dependencies:
    balanced-match "^4.0.2"

braces@^3.0.3:
  version "3.0.3"
  dependencies:
    fill-range "^7.1.1"

callsite@^1.0.0:
  version "1.0.0"

callsites@^3.0.0:
  version "3.1.0"

camelcase@^6.3.0:
  version "6.3.0"

chai@^6.2.2:
  version "6.2.2"

chalk@5.6.2:
  version "5.6.2"

cliui@^7.0.2:
  version "7.0.4"
  dependencies:
    string-width "^4.2.0"
    strip-ansi "^6.0.0"
    wrap-ansi "^7.0.0"

cliui@^9.0.1:
  version "9.0.1"
  dependencies:
    string-width "^7.2.0"
    strip-ansi "^7.1.0"
    wrap-ansi "^9.0.0"

color-convert@^2.0.1:
  version "2.0.1"
  dependencies:
    color-name "~1.1.4"

color-name@~1.1.4:
  version "1.1.4"

concat-map@0.0.1:
  version "0.0.1"

concurrently@^10.0.0:
  version "10.0.3"
  dependencies:
    chalk "5.6.2"
    rxjs "7.8.2"
    shell-quote "1.8.4"
    supports-color "10.2.2"
    tree-kill "1.2.2"
    yargs "18.0.0"

convert-source-map@^2.0.0:
  version "2.0.0"

copy-file@^11.1.0:
  version "11.1.0"
  dependencies:
    graceful-fs "^4.2.11"
    p-event "^6.0.0"

cosmiconfig@^7.1.0:
  version "7.1.0"
  dependencies:
    "@types/parse-json" "^4.0.0"
    import-fresh "^3.2.1"
    parse-json "^5.0.0"
    path-type "^4.0.0"
    yaml "^1.10.0"

cpy-cli@^7.0.0:
  version "7.0.0"
  dependencies:
    cpy "^13.2.0"
    globby "^16.1.0"
    meow "^14.0.0"

cpy@^13.2.0:
  version "13.2.2"
  dependencies:
    copy-file "^11.1.0"
    globby "^16.1.0"
    junk "^4.0.1"
    micromatch "^4.0.8"
    p-filter "^4.1.0"
    p-map "^7.0.4"

create-require@^1.1.0:
  version "1.1.1"

debug@^4.3.1, debug@^4.3.4:
  version "4.4.3"
  dependencies:
    ms "^2.1.3"

depcheck@^1.4.7:
  version "1.4.7"
  dependencies:
    "@babel/parser" "^7.23.0"
    "@babel/traverse" "^7.23.2"
    "@vue/compiler-sfc" "^3.3.4"
    callsite "^1.0.0"
    camelcase "^6.3.0"
    cosmiconfig "^7.1.0"
    debug "^4.3.4"
    deps-regex "^0.2.0"
    findup-sync "^5.0.0"
    ignore "^5.2.4"
    is-core-module "^2.12.0"
    js-yaml "^3.14.1"
    json5 "^2.2.3"
    lodash "^4.17.21"
    minimatch "^7.4.6"
    multimatch "^5.0.0"
    please-upgrade-node "^3.2.0"
    readdirp "^3.6.0"
    require-package-name "^2.0.1"
    resolve "^1.22.3"
    resolve-from "^5.0.0"
    semver "^7.5.4"
    yargs "^16.2.0"

deps-regex@^0.2.0:
  version "0.2.0"

detect-file@^1.0.0:
  version "1.0.0"

detect-libc@^2.0.3:
  version "2.1.2"

diff@^4.0.1:
  version "4.0.4"

emoji-regex@^10.3.0:
  version "10.6.0"

emoji-regex@^8.0.0:
  version "8.0.0"

empathic@^2.0.0:
  version "2.0.1"

entities@^4.4.0:
  version "4.5.0"

entities@^7.0.1:
  version "7.0.1"

error-ex@^1.3.1:
  version "1.3.4"
  dependencies:
    is-arrayish "^0.2.1"

es-errors@^1.3.0:
  version "1.3.0"

es-module-lexer@^2.0.0:
  version "2.3.0"

esbuild-node-externals@^1.18.0:
  version "1.23.1"
  dependencies:
    empathic "^2.0.0"

"esbuild@^0.27.0 || ^0.28.0", esbuild@^0.28.0, "esbuild@0.12 - 0.28":
  version "0.28.1"
  optionalDependencies:
    "@esbuild/aix-ppc64" "0.28.1"
    "@esbuild/android-arm" "0.28.1"
    "@esbuild/android-arm64" "0.28.1"
    "@esbuild/android-x64" "0.28.1"
    "@esbuild/darwin-arm64" "0.28.1"
    "@esbuild/darwin-x64" "0.28.1"
    "@esbuild/freebsd-arm64" "0.28.1"
    "@esbuild/freebsd-x64" "0.28.1"
    "@esbuild/linux-arm" "0.28.1"
    "@esbuild/linux-arm64" "0.28.1"
    "@esbuild/linux-ia32" "0.28.1"
    "@esbuild/linux-loong64" "0.28.1"
    "@esbuild/linux-mips64el" "0.28.1"
    "@esbuild/linux-ppc64" "0.28.1"
    "@esbuild/linux-riscv64" "0.28.1"
    "@esbuild/linux-s390x" "0.28.1"
    "@esbuild/linux-x64" "0.28.1"
    "@esbuild/netbsd-arm64" "0.28.1"
    "@esbuild/netbsd-x64" "0.28.1"
    "@esbuild/openbsd-arm64" "0.28.1"
    "@esbuild/openbsd-x64" "0.28.1"
    "@esbuild/openharmony-arm64" "0.28.1"
    "@esbuild/sunos-x64" "0.28.1"
    "@esbuild/win32-arm64" "0.28.1"
    "@esbuild/win32-ia32" "0.28.1"
    "@esbuild/win32-x64" "0.28.1"

escalade@^3.1.1:
  version "3.2.0"

esprima@^4.0.0:
  version "4.0.1"

estree-walker@^2.0.2:
  version "2.0.2"

estree-walker@^3.0.3:
  version "3.0.3"
  dependencies:
    "@types/estree" "^1.0.0"

expand-tilde@^2.0.0, expand-tilde@^2.0.2:
  version "2.0.2"
  dependencies:
    homedir-polyfill "^1.0.1"

expect-type@^1.3.0:
  version "1.4.0"

fast-glob@^3.3.3:
  version "3.3.3"
  dependencies:
    "@nodelib/fs.stat" "^2.0.2"
    "@nodelib/fs.walk" "^1.2.3"
    glob-parent "^5.1.2"
    merge2 "^1.3.0"
    micromatch "^4.0.8"

fastq@^1.6.0:
  version "1.20.1"
  dependencies:
    reusify "^1.0.4"

fdir@^6.5.0:
  version "6.5.0"

fill-range@^7.1.1:
  version "7.1.1"
  dependencies:
    to-regex-range "^5.0.1"

findup-sync@^5.0.0:
  version "5.0.0"
  dependencies:
    detect-file "^1.0.0"
    is-glob "^4.0.3"
    micromatch "^4.0.4"
    resolve-dir "^1.0.1"

fsevents@~2.3.2, fsevents@~2.3.3:
  version "2.3.3"

function-bind@^1.1.2:
  version "1.1.2"

get-caller-file@^2.0.5:
  version "2.0.5"

get-east-asian-width@^1.0.0:
  version "1.6.0"

glob-parent@^5.1.2:
  version "5.1.2"
  dependencies:
    is-glob "^4.0.1"

glob@^13.0.3:
  version "13.0.6"
  dependencies:
    minimatch "^10.2.2"
    minipass "^7.1.3"
    path-scurry "^2.0.2"

global-modules@^1.0.0:
  version "1.0.0"
  dependencies:
    global-prefix "^1.0.1"
    is-windows "^1.0.1"
    resolve-dir "^1.0.0"

global-prefix@^1.0.1:
  version "1.0.2"
  dependencies:
    expand-tilde "^2.0.2"
    homedir-polyfill "^1.0.1"
    ini "^1.3.4"
    is-windows "^1.0.1"
    which "^1.2.14"

globby@^16.1.0:
  version "16.2.0"
  dependencies:
    "@sindresorhus/merge-streams" "^4.0.0"
    fast-glob "^3.3.3"
    ignore "^7.0.5"
    is-path-inside "^4.0.0"
    slash "^5.1.0"
    unicorn-magic "^0.4.0"

graceful-fs@^4.2.11:
  version "4.2.11"

has-flag@^4.0.0:
  version "4.0.0"

hasown@^2.0.3:
  version "2.0.4"
  dependencies:
    function-bind "^1.1.2"

homedir-polyfill@^1.0.1:
  version "1.0.3"
  dependencies:
    parse-passwd "^1.0.0"

html-escaper@^2.0.0:
  version "2.0.2"

ignore@^5.2.4:
  version "5.3.2"

ignore@^7.0.5:
  version "7.0.5"

import-fresh@^3.2.1:
  version "3.3.1"
  dependencies:
    parent-module "^1.0.0"
    resolve-from "^4.0.0"

ini@^1.3.4:
  version "1.3.8"

is-arrayish@^0.2.1:
  version "0.2.1"

is-core-module@^2.12.0, is-core-module@^2.16.1:
  version "2.16.2"
  dependencies:
    hasown "^2.0.3"

is-extglob@^2.1.1:
  version "2.1.1"

is-fullwidth-code-point@^3.0.0:
  version "3.0.0"

is-glob@^4.0.1, is-glob@^4.0.3:
  version "4.0.3"
  dependencies:
    is-extglob "^2.1.1"

is-number@^7.0.0:
  version "7.0.0"

is-path-inside@^4.0.0:
  version "4.0.0"

is-windows@^1.0.1:
  version "1.0.2"

isexe@^2.0.0:
  version "2.0.0"

istanbul-lib-coverage@^3.0.0, istanbul-lib-coverage@^3.2.2:
  version "3.2.2"

istanbul-lib-report@^3.0.0, istanbul-lib-report@^3.0.1:
  version "3.0.1"
  dependencies:
    istanbul-lib-coverage "^3.0.0"
    make-dir "^4.0.0"
    supports-color "^7.1.0"

istanbul-reports@^3.2.0:
  version "3.2.0"
  dependencies:
    html-escaper "^2.0.0"
    istanbul-lib-report "^3.0.0"

js-tokens@^10.0.0:
  version "10.0.0"

js-tokens@^4.0.0:
  version "4.0.0"

js-yaml@^3.14.1:
  version "3.14.2"
  dependencies:
    argparse "^1.0.7"
    esprima "^4.0.0"

jsesc@^3.0.2:
  version "3.1.0"

json-parse-even-better-errors@^2.3.0:
  version "2.3.1"

json5@^2.2.3:
  version "2.2.3"

junk@^4.0.1:
  version "4.0.1"

lightningcss-darwin-arm64@1.32.0:
  version "1.32.0"

lightningcss@^1.32.0:
  version "1.32.0"
  dependencies:
    detect-libc "^2.0.3"
  optionalDependencies:
    lightningcss-android-arm64 "1.32.0"
    lightningcss-darwin-arm64 "1.32.0"
    lightningcss-darwin-x64 "1.32.0"
    lightningcss-freebsd-x64 "1.32.0"
    lightningcss-linux-arm-gnueabihf "1.32.0"
    lightningcss-linux-arm64-gnu "1.32.0"
    lightningcss-linux-arm64-musl "1.32.0"
    lightningcss-linux-x64-gnu "1.32.0"
    lightningcss-linux-x64-musl "1.32.0"
    lightningcss-win32-arm64-msvc "1.32.0"
    lightningcss-win32-x64-msvc "1.32.0"

lines-and-columns@^1.1.6:
  version "1.2.4"

linkify-it@^5.0.1:
  version "5.0.1"
  dependencies:
    uc.micro "^2.0.0"

"lockgraph@file:../lockfile":
  version "0.6.1"
  resolved "file:../lockfile"
  dependencies:
    node-fetch-native "^1.6.7"
    pako "^3.0.1"
    semver "^7.8.5"

lodash@^4.17.21:
  version "4.18.1"

lru-cache@^11.0.0:
  version "11.5.1"

lunr@^2.3.9:
  version "2.3.9"

magic-string@^0.30.21:
  version "0.30.21"
  dependencies:
    "@jridgewell/sourcemap-codec" "^1.5.5"

magicast@^0.5.2:
  version "0.5.3"
  dependencies:
    "@babel/parser" "^7.29.3"
    "@babel/types" "^7.29.0"
    source-map-js "^1.2.1"

make-dir@^4.0.0:
  version "4.0.0"
  dependencies:
    semver "^7.5.3"

make-error@^1.1.1:
  version "1.3.6"

markdown-it@^14.1.1:
  version "14.2.0"
  dependencies:
    argparse "^2.0.1"
    entities "^4.4.0"
    linkify-it "^5.0.1"
    mdurl "^2.0.0"
    punycode.js "^2.3.1"
    uc.micro "^2.1.0"

mdurl@^2.0.0:
  version "2.0.0"

meow@^14.0.0:
  version "14.1.0"

merge2@^1.3.0:
  version "1.4.1"

micromatch@^4.0.4, micromatch@^4.0.8:
  version "4.0.8"
  dependencies:
    braces "^3.0.3"
    picomatch "^2.3.1"

minimatch@^10.2.2, minimatch@^10.2.5:
  version "10.2.5"
  dependencies:
    brace-expansion "^5.0.5"

minimatch@^3.0.4:
  version "3.1.5"
  dependencies:
    brace-expansion "^1.1.7"

minimatch@^7.4.6:
  version "7.4.9"
  dependencies:
    brace-expansion "^2.0.2"

minimist@^1.2.8:
  version "1.2.8"

minipass@^7.1.2, minipass@^7.1.3:
  version "7.1.3"

mkdirp@^3.0.1:
  version "3.0.1"

ms@^2.1.3:
  version "2.1.3"

multimatch@^5.0.0:
  version "5.0.0"
  dependencies:
    "@types/minimatch" "^3.0.3"
    array-differ "^3.0.0"
    array-union "^2.1.0"
    arrify "^2.0.1"
    minimatch "^3.0.4"

nanoid@^3.3.12:
  version "3.3.12"

obug@^2.1.1:
  version "2.1.3"

oxlint@^1.72.0:
  version "1.72.0"
  optionalDependencies:
    "@oxlint/binding-android-arm-eabi" "1.72.0"
    "@oxlint/binding-android-arm64" "1.72.0"
    "@oxlint/binding-darwin-arm64" "1.72.0"
    "@oxlint/binding-darwin-x64" "1.72.0"
    "@oxlint/binding-freebsd-x64" "1.72.0"
    "@oxlint/binding-linux-arm-gnueabihf" "1.72.0"
    "@oxlint/binding-linux-arm-musleabihf" "1.72.0"
    "@oxlint/binding-linux-arm64-gnu" "1.72.0"
    "@oxlint/binding-linux-arm64-musl" "1.72.0"
    "@oxlint/binding-linux-ppc64-gnu" "1.72.0"
    "@oxlint/binding-linux-riscv64-gnu" "1.72.0"
    "@oxlint/binding-linux-riscv64-musl" "1.72.0"
    "@oxlint/binding-linux-s390x-gnu" "1.72.0"
    "@oxlint/binding-linux-x64-gnu" "1.72.0"
    "@oxlint/binding-linux-x64-musl" "1.72.0"
    "@oxlint/binding-openharmony-arm64" "1.72.0"
    "@oxlint/binding-win32-arm64-msvc" "1.72.0"
    "@oxlint/binding-win32-ia32-msvc" "1.72.0"
    "@oxlint/binding-win32-x64-msvc" "1.72.0"

p-event@^6.0.0:
  version "6.0.1"
  dependencies:
    p-timeout "^6.1.2"

p-filter@^4.1.0:
  version "4.1.0"
  dependencies:
    p-map "^7.0.1"

p-map@^7.0.1, p-map@^7.0.4:
  version "7.0.5"

p-timeout@^6.1.2:
  version "6.1.4"

package-json-from-dist@^1.0.1:
  version "1.0.1"

parent-module@^1.0.0:
  version "1.0.1"
  dependencies:
    callsites "^3.0.0"

parse-json@^5.0.0:
  version "5.2.0"
  dependencies:
    "@babel/code-frame" "^7.0.0"
    error-ex "^1.3.1"
    json-parse-even-better-errors "^2.3.0"
    lines-and-columns "^1.1.6"

parse-passwd@^1.0.0:
  version "1.0.0"

path-parse@^1.0.7:
  version "1.0.7"

path-scurry@^2.0.2:
  version "2.0.2"
  dependencies:
    lru-cache "^11.0.0"
    minipass "^7.1.2"

path-type@^4.0.0:
  version "4.0.0"

pathe@^2.0.3:
  version "2.0.3"

picocolors@^1.1.1:
  version "1.1.1"

picomatch@^2.2.1:
  version "2.3.2"

picomatch@^2.3.1:
  version "2.3.2"

"picomatch@^3 || ^4", picomatch@^4.0.3, picomatch@^4.0.4:
  version "4.0.4"

please-upgrade-node@^3.2.0:
  version "3.2.0"
  dependencies:
    semver-compare "^1.0.0"

postcss@^8.5.15:
  version "8.5.15"
  dependencies:
    nanoid "^3.3.12"
    picocolors "^1.1.1"
    source-map-js "^1.2.1"

postcss@^8.5.16:
  version "8.5.16"
  dependencies:
    nanoid "^3.3.12"
    picocolors "^1.1.1"
    source-map-js "^1.2.1"

prettier@^3.9.4:
  version "3.9.4"

punycode.js@^2.3.1:
  version "2.3.1"

queue-microtask@^1.2.2:
  version "1.2.3"

readdirp@^3.6.0:
  version "3.6.0"
  dependencies:
    picomatch "^2.2.1"

require-directory@^2.1.1:
  version "2.1.1"

require-package-name@^2.0.1:
  version "2.0.1"

resolve-dir@^1.0.0, resolve-dir@^1.0.1:
  version "1.0.1"
  dependencies:
    expand-tilde "^2.0.0"
    global-modules "^1.0.0"

resolve-from@^4.0.0:
  version "4.0.0"

resolve-from@^5.0.0:
  version "5.0.0"

resolve@^1.22.3:
  version "1.22.12"
  dependencies:
    es-errors "^1.3.0"
    is-core-module "^2.16.1"
    path-parse "^1.0.7"
    supports-preserve-symlinks-flag "^1.0.0"

reusify@^1.0.4:
  version "1.1.0"

rimraf@^6.1.3:
  version "6.1.3"
  dependencies:
    glob "^13.0.3"
    package-json-from-dist "^1.0.1"

rolldown@~1.1.3:
  version "1.1.4"
  dependencies:
    "@oxc-project/types" "=0.138.0"
    "@rolldown/pluginutils" "^1.0.0"
  optionalDependencies:
    "@rolldown/binding-android-arm64" "1.1.4"
    "@rolldown/binding-darwin-arm64" "1.1.4"
    "@rolldown/binding-darwin-x64" "1.1.4"
    "@rolldown/binding-freebsd-x64" "1.1.4"
    "@rolldown/binding-linux-arm-gnueabihf" "1.1.4"
    "@rolldown/binding-linux-arm64-gnu" "1.1.4"
    "@rolldown/binding-linux-arm64-musl" "1.1.4"
    "@rolldown/binding-linux-ppc64-gnu" "1.1.4"
    "@rolldown/binding-linux-s390x-gnu" "1.1.4"
    "@rolldown/binding-linux-x64-gnu" "1.1.4"
    "@rolldown/binding-linux-x64-musl" "1.1.4"
    "@rolldown/binding-openharmony-arm64" "1.1.4"
    "@rolldown/binding-wasm32-wasi" "1.1.4"
    "@rolldown/binding-win32-arm64-msvc" "1.1.4"
    "@rolldown/binding-win32-x64-msvc" "1.1.4"

rollup@^4.0.0:
  version "4.62.2"
  dependencies:
    "@types/estree" "1.0.9"
  optionalDependencies:
    "@rollup/rollup-android-arm-eabi" "4.62.2"
    "@rollup/rollup-android-arm64" "4.62.2"
    "@rollup/rollup-darwin-arm64" "4.62.2"
    "@rollup/rollup-darwin-x64" "4.62.2"
    "@rollup/rollup-freebsd-arm64" "4.62.2"
    "@rollup/rollup-freebsd-x64" "4.62.2"
    "@rollup/rollup-linux-arm-gnueabihf" "4.62.2"
    "@rollup/rollup-linux-arm-musleabihf" "4.62.2"
    "@rollup/rollup-linux-arm64-gnu" "4.62.2"
    "@rollup/rollup-linux-arm64-musl" "4.62.2"
    "@rollup/rollup-linux-loong64-gnu" "4.62.2"
    "@rollup/rollup-linux-loong64-musl" "4.62.2"
    "@rollup/rollup-linux-ppc64-gnu" "4.62.2"
    "@rollup/rollup-linux-ppc64-musl" "4.62.2"
    "@rollup/rollup-linux-riscv64-gnu" "4.62.2"
    "@rollup/rollup-linux-riscv64-musl" "4.62.2"
    "@rollup/rollup-linux-s390x-gnu" "4.62.2"
    "@rollup/rollup-linux-x64-gnu" "4.62.2"
    "@rollup/rollup-linux-x64-musl" "4.62.2"
    "@rollup/rollup-openbsd-x64" "4.62.2"
    "@rollup/rollup-openharmony-arm64" "4.62.2"
    "@rollup/rollup-win32-arm64-msvc" "4.62.2"
    "@rollup/rollup-win32-ia32-msvc" "4.62.2"
    "@rollup/rollup-win32-x64-gnu" "4.62.2"
    "@rollup/rollup-win32-x64-msvc" "4.62.2"
    fsevents "~2.3.2"

run-parallel@^1.1.9:
  version "1.2.0"
  dependencies:
    queue-microtask "^1.2.2"

rxjs@7.8.2:
  version "7.8.2"
  dependencies:
    tslib "^2.1.0"

semver-compare@^1.0.0:
  version "1.0.0"

semver@^7.5.3, semver@^7.5.4, semver@^7.8.5:
  version "7.8.5"

shell-quote@1.8.4:
  version "1.8.4"

siginfo@^2.0.0:
  version "2.0.0"

slash@^5.1.0:
  version "5.1.0"

source-map-js@^1.2.1:
  version "1.2.1"

sprintf-js@~1.0.2:
  version "1.0.3"

stackback@0.0.2:
  version "0.0.2"

std-env@^4.0.0-rc.1:
  version "4.1.0"

string-width@^4.1.0, string-width@^4.2.0:
  version "4.2.3"
  dependencies:
    emoji-regex "^8.0.0"
    is-fullwidth-code-point "^3.0.0"
    strip-ansi "^6.0.1"

string-width@^7.0.0, string-width@^7.2.0:
  version "7.2.0"
  dependencies:
    emoji-regex "^10.3.0"
    get-east-asian-width "^1.0.0"
    strip-ansi "^7.1.0"

strip-ansi@^6.0.0, strip-ansi@^6.0.1:
  version "6.0.1"
  dependencies:
    ansi-regex "^5.0.1"

strip-ansi@^7.1.0:
  version "7.2.0"
  dependencies:
    ansi-regex "^6.2.2"

supports-color@^7.1.0:
  version "7.2.0"
  dependencies:
    has-flag "^4.0.0"

supports-color@10.2.2:
  version "10.2.2"

supports-preserve-symlinks-flag@^1.0.0:
  version "1.0.0"

tinybench@^2.9.0:
  version "2.9.0"

tinyexec@^1.0.2:
  version "1.2.4"

tinyglobby@^0.2.15, tinyglobby@^0.2.17:
  version "0.2.17"
  dependencies:
    fdir "^6.5.0"
    picomatch "^4.0.4"

tinyrainbow@^3.1.0:
  version "3.1.0"

to-regex-range@^5.0.1:
  version "5.0.1"
  dependencies:
    is-number "^7.0.0"

tree-kill@1.2.2:
  version "1.2.2"

ts-node@^10.9.2:
  version "10.9.2"
  dependencies:
    "@cspotcode/source-map-support" "^0.8.0"
    "@tsconfig/node10" "^1.0.7"
    "@tsconfig/node12" "^1.0.7"
    "@tsconfig/node14" "^1.0.0"
    "@tsconfig/node16" "^1.0.2"
    acorn "^8.4.1"
    acorn-walk "^8.1.1"
    arg "^4.1.0"
    create-require "^1.1.0"
    diff "^4.0.1"
    make-error "^1.1.1"
    v8-compile-cache-lib "^3.0.1"
    yn "3.1.1"

tslib@^2.1.0, tslib@^2.4.0:
  version "2.8.1"

typedoc@^0.28.1:
  version "0.28.19"
  dependencies:
    "@gerrit0/mini-shiki" "^3.23.0"
    lunr "^2.3.9"
    markdown-it "^14.1.1"
    minimatch "^10.2.5"
    yaml "^2.8.3"

typescript@>=2.7, "typescript@5.0.x || 5.1.x || 5.2.x || 5.3.x || 5.4.x || 5.5.x || 5.6.x || 5.7.x || 5.8.x || 5.9.x || 6.0.x", typescript@6.0.3:
  version "6.0.3"

uc.micro@^2.0.0, uc.micro@^2.1.0:
  version "2.1.0"

undici-types@~7.18.0:
  version "7.18.2"

unicorn-magic@^0.4.0:
  version "0.4.0"

v8-compile-cache-lib@^3.0.1:
  version "3.0.1"

"vite@^6.0.0 || ^7.0.0 || ^8.0.0":
  version "8.1.3"
  dependencies:
    lightningcss "^1.32.0"
    picomatch "^4.0.4"
    postcss "^8.5.16"
    rolldown "~1.1.3"
    tinyglobby "^0.2.17"
  optionalDependencies:
    fsevents "~2.3.3"

vitest@^4.0.0, vitest@4.1.9:
  version "4.1.9"
  dependencies:
    "@vitest/expect" "4.1.9"
    "@vitest/mocker" "4.1.9"
    "@vitest/pretty-format" "4.1.9"
    "@vitest/runner" "4.1.9"
    "@vitest/snapshot" "4.1.9"
    "@vitest/spy" "4.1.9"
    "@vitest/utils" "4.1.9"
    es-module-lexer "^2.0.0"
    expect-type "^1.3.0"
    magic-string "^0.30.21"
    obug "^2.1.1"
    pathe "^2.0.3"
    picomatch "^4.0.3"
    std-env "^4.0.0-rc.1"
    tinybench "^2.9.0"
    tinyexec "^1.0.2"
    tinyglobby "^0.2.15"
    tinyrainbow "^3.1.0"
    vite "^6.0.0 || ^7.0.0 || ^8.0.0"
    why-is-node-running "^2.3.0"

which@^1.2.14:
  version "1.3.1"
  dependencies:
    isexe "^2.0.0"

why-is-node-running@^2.3.0:
  version "2.3.0"
  dependencies:
    siginfo "^2.0.0"
    stackback "0.0.2"

wrap-ansi@^7.0.0:
  version "7.0.0"
  dependencies:
    ansi-styles "^4.0.0"
    string-width "^4.1.0"
    strip-ansi "^6.0.0"

wrap-ansi@^9.0.0:
  version "9.0.2"
  dependencies:
    ansi-styles "^6.2.1"
    string-width "^7.0.0"
    strip-ansi "^7.1.0"

y18n@^5.0.5:
  version "5.0.8"

yaml@^1.10.0, yaml@^2.4.2:
  version "1.10.3"

yaml@^2.8.3:
  version "2.9.0"

yargs-parser@^20.2.2:
  version "20.2.9"

yargs-parser@^22.0.0:
  version "22.0.0"

yargs@^16.2.0:
  version "16.2.0"
  dependencies:
    cliui "^7.0.2"
    escalade "^3.1.1"
    get-caller-file "^2.0.5"
    require-directory "^2.1.1"
    string-width "^4.2.0"
    y18n "^5.0.5"
    yargs-parser "^20.2.2"

yargs@18.0.0:
  version "18.0.0"
  dependencies:
    cliui "^9.0.1"
    escalade "^3.1.1"
    get-caller-file "^2.0.5"
    string-width "^7.2.0"
    y18n "^5.0.5"
    yargs-parser "^22.0.0"

yn@3.1.1:
  version "3.1.1"
