# THIS IS AN AUTOGENERATED FILE. DO NOT EDIT THIS FILE DIRECTLY.
# yarn lockfile v1


glob@^10.0.0:
  version "10.4.5"
  resolved "https://registry.yarnpkg.com/glob/-/glob-10.4.5.tgz#f4d9f0b90ffefb4f6b00d35e9e1c25a64f5b4550"
  integrity sha512-py6Qm3YqkjnDhfVu9KvSL8AlrUfsZAUhmGxoFqBwzVbWUlE5IPMUCg+x2DPm2L3eaQjJI4yT/4lJM1ftYbpEHA==
  dependencies:
    minimatch "^9.0.4"

minimatch@^9.0.4:
  version "9.0.5"
  resolved "https://registry.yarnpkg.com/minimatch/-/minimatch-9.0.5.tgz#d74f9dd6b57d83d8e98cfa85d6da92c75c3f3e3a"
  integrity sha512-G6T0ZX48xgozx7587koeX9Ys2NYy6Gmv//P89sEte9V9whJ27d+t+Hua1/4lEdY9oG3KQ6CTcSRyKO7VrR8Aw==
